<?xml version="1.0" encoding="utf-8"?>
<Project ToolsVersion="4.0" xmlns="http://schemas.microsoft.com/developer/msbuild/2003">
  <ItemGroup>
    <Filter Include="Source Files">
      <UniqueIdentifier>{4FC737F1-C7A5-4376-A066-2A32D752A2FF}</UniqueIdentifier>
      <Extensions>cpp;c;cc;cxx;c++;def;odl;idl;hpj;bat;asm;asmx</Extensions>
    </Filter>
    <Filter Include="Header Files">
      <UniqueIdentifier>{93995380-89BD-4b04-88EB-625FBE52EBFB}</UniqueIdentifier>
      <Extensions>h;hh;hpp;hxx;h++;hm;inl;inc;ipp;xsd</Extensions>
    </Filter>
    <Filter Include="Resource Files">
      <UniqueIdentifier>{67DA6AB6-F800-4c08-8B7A-83BB121AAD01}</UniqueIdentifier>
      <Extensions>rc;ico;cur;bmp;dlg;rc2;rct;bin;rgs;gif;jpg;jpeg;jpe;resx;tiff;tif;png;wav;mfcribbon-ms</Extensions>
    </Filter>
    <Filter Include="Source Files\BaseObjects">
      <UniqueIdentifier>{bd23048a-1a74-43ef-9107-54ec75d16914}</UniqueIdentifier>
    </Filter>
    <Filter Include="Source Files\GameSystems">
      <UniqueIdentifier>{8b59f45b-6877-477a-a6e0-af43858a783e}</UniqueIdentifier>
    </Filter>
    <Filter Include="Source Files\GameSystems\EventSystem">
      <UniqueIdentifier>{a765bcee-db85-4c1d-a7f3-85405a2dd496}</UniqueIdentifier>
    </Filter>
    <Filter Include="Header Files\BaseObjects">
      <UniqueIdentifier>{9f5c2592-e5f2-4f6c-ae72-b811be4efeca}</UniqueIdentifier>
    </Filter>
    <Filter Include="Header Files\GameSystems">
      <UniqueIdentifier>{9d5876ea-a8ac-47d8-b2a6-33a0b7775d48}</UniqueIdentifier>
    </Filter>
    <Filter Include="Header Files\GameSystems\EventSystem">
      <UniqueIdentifier>{51f1dabd-0873-4866-952e-56ebeacdd4dd}</UniqueIdentifier>
    </Filter>
  </ItemGroup>
  <ItemGroup>
    <ClCompile Include="main.cpp">
      <Filter>Source Files</Filter>
    </ClCompile>
    <ClCompile Include="Game.cpp">
      <Filter>Source Files</Filter>
    </ClCompile>
    <ClCompile Include="ControllableGameObject.cpp">
      <Filter>Source Files</Filter>
    </ClCompile>
    <ClCompile Include="EventManager.cpp">
      <Filter>Source Files\GameSystems\EventSystem</Filter>
    </ClCompile>
    <ClCompile Include="TileSetGameObject.cpp">
      <Filter>Source Files\BaseObjects</Filter>
    </ClCompile>
    <ClCompile Include="GameObject.cpp">
      <Filter>Source Files\BaseObjects</Filter>
    </ClCompile>
    <ClCompile Include="TextureManager.cpp">
      <Filter>Source Files\GameSystems</Filter>
    </ClCompile>
    <ClCompile Include="SpriteGameObject.cpp">
      <Filter>Source Files\BaseObjects</Filter>
    </ClCompile>
    <ClCompile Include="BackgroundGameObject.cpp">
      <Filter>Source Files\BaseObjects</Filter>
    </ClCompile>
  </ItemGroup>
  <ItemGroup>
    <ClInclude Include="Game.h">
      <Filter>Header Files</Filter>
    </ClInclude>
    <ClInclude Include="GameProperties.h">
      <Filter>Header Files</Filter>
    </ClInclude>
    <ClInclude Include="ControllableGameObject.h">
      <Filter>Header Files</Filter>
    </ClInclude>
    <ClInclude Include="EventManager.h">
      <Filter>Header Files\GameSystems\EventSystem</Filter>
    </ClInclude>
    <ClInclude Include="EventHandlers.h">
      <Filter>Header Files\GameSystems\EventSystem</Filter>
    </ClInclude>
    <ClInclude Include="TileSetGameObject.h">
      <Filter>Header Files\BaseObjects</Filter>
    </ClInclude>
    <ClInclude Include="GameObject.h">
      <Filter>Header Files\BaseObjects</Filter>
    </ClInclude>
    <ClInclude Include="TextureManager.h">
      <Filter>Header Files\GameSystems</Filter>
    </ClInclude>
    <ClInclude Include="SpriteGameObject.h">
      <Filter>Header Files\BaseObjects</Filter>
    </ClInclude>
    <ClInclude Include="BackgroundGameObject.h">
      <Filter>Header Files\BaseObjects</Filter>
    </ClInclude>
  </ItemGroup>
</Project>